
Microsoft Visual Studio Solution File, Format Version 12.00
# Visual Studio Version 17
VisualStudioVersion = 17.6.33801.468
MinimumVisualStudioVersion = 10.0.40219.1
Project("{FAE04EC0-301F-11D3-BF4B-00C04F79EFBC}") = "bloghub", "bloghub.csproj", "{CE35DBA5-FA90-45A0-BE8E-175440FA17B0}"
EndProject
Global
	GlobalSection(SolutionConfigurationPlatforms) = preSolution
		Debug|Any CPU = Debug|Any CPU
		Release|Any CPU = Release|Any CPU
	EndGlobalSection
	GlobalSection(ProjectConfigurationPlatforms) = postSolution
		{CE35DBA5-FA90-45A0-BE8E-175440FA17B0}.Debug|Any CPU.ActiveCfg = Debug|Any CPU
		{CE35DBA5-FA90-45A0-BE8E-175440FA17B0}.Debug|Any CPU.Build.0 = Debug|Any CPU
		{CE35DBA5-FA90-45A0-BE8E-175440FA17B0}.Release|Any CPU.ActiveCfg = Release|Any CPU
		{CE35DBA5-FA90-45A0-BE8E-175440FA17B0}.Release|Any CPU.Build.0 = Release|Any CPU
	EndGlobalSection
	GlobalSection(SolutionProperties) = preSolution
		HideSolutionNode = FALSE
	EndGlobalSection
	GlobalSection(ExtensibilityGlobals) = postSolution
		SolutionGuid = {0E0C8CD8-6A2C-41E1-8994-DDAE40F5532C}
	EndGlobalSection
EndGlobal
